[[package]]
name = "aiofiles"
version = "24.1.0"
description = "File support for asyncio."
category = "main"
optional = false
python-versions = ">=3.8"

[[package]]
name = "annotated-types"
version = "0.7.0"
description = "Reusable constraint types to use with typing.Annotated"
category = "main"
optional = false
python-versions = ">=3.8"

[[package]]
name = "anyio"
version = "4.9.0"
description = "High level compatibility layer for multiple asynchronous event loop implementations"
category = "main"
optional = false
python-versions = ">=3.9"

[package.dependencies]
exceptiongroup = {version = ">=1.0.2", markers = "python_version < \"3.11\""}
idna = ">=2.8"
sniffio = ">=1.1"
typing_extensions = {version = ">=4.5", markers = "python_version < \"3.13\""}

[package.extras]
trio = ["trio (>=0.26.1)"]
test = ["anyio", "blockbuster (>=1.5.23)", "coverage[toml] (>=7)", "exceptiongroup (>=1.2.0)", "hypothesis (>=4.0)", "psutil (>=5.9)", "pytest (>=7.0)", "trustme", "truststore (>=0.9.1)", "uvloop (>=0.21)"]
doc = ["packaging", "Sphinx (>=8.2,<9.0)", "sphinx-rtd-theme", "sphinx-autodoc-typehints (>=1.2.0)"]

[[package]]
name = "cachetools"
version = "5.5.2"
description = "Extensible memoizing collections and decorators"
category = "main"
optional = false
python-versions = ">=3.7"

[[package]]
name = "certifi"
version = "2025.4.26"
description = "Python package for providing Mozilla's CA Bundle."
category = "main"
optional = false
python-versions = ">=3.6"

[[package]]
name = "charset-normalizer"
version = "3.4.2"
description = "The Real First Universal Charset Detector. Open, modern and actively maintained alternative to Chardet."
category = "main"
optional = false
python-versions = ">=3.7"

[[package]]
name = "click"
version = "8.1.8"
description = "Composable command line interface toolkit"
category = "main"
optional = false
python-versions = ">=3.7"

[package.dependencies]
colorama = {version = "*", markers = "platform_system == \"Windows\""}

[[package]]
name = "colorama"
version = "0.4.6"
description = "Cross-platform colored terminal text."
category = "main"
optional = false
python-versions = "!=3.0.*,!=3.1.*,!=3.2.*,!=3.3.*,!=3.4.*,!=3.5.*,!=3.6.*,>=2.7"

[[package]]
name = "decorator"
version = "4.4.2"
description = "Decorators for Humans"
category = "main"
optional = false
python-versions = ">=2.6, !=3.0.*, !=3.1.*"

[[package]]
name = "distro"
version = "1.9.0"
description = "Distro - an OS platform information API"
category = "main"
optional = false
python-versions = ">=3.6"

[[package]]
name = "eval-type-backport"
version = "0.2.2"
description = "Like `typing._eval_type`, but lets older Python versions use newer typing features."
category = "main"
optional = false
python-versions = ">=3.8"

[package.extras]
tests = ["pytest"]

[[package]]
name = "exceptiongroup"
version = "1.3.0"
description = "Backport of PEP 654 (exception groups)"
category = "main"
optional = false
python-versions = ">=3.7"

[package.dependencies]
typing-extensions = {version = ">=4.6.0", markers = "python_version < \"3.13\""}

[package.extras]
test = ["pytest (>=6)"]

[[package]]
name = "google-ai-generativelanguage"
version = "0.6.4"
description = "Google Ai Generativelanguage API client library"
category = "main"
optional = false
python-versions = ">=3.7"

[package.dependencies]
google-api-core = {version = ">=1.34.1,<2.0.0 || >=2.11.0,<3.0.0dev", extras = ["grpc"]}
google-auth = ">=2.14.1,<2.24.0 || >2.24.0,<2.25.0 || >2.25.0,<3.0.0dev"
proto-plus = ">=1.22.3,<2.0.0dev"
protobuf = ">=3.19.5,<3.20.0 || >3.20.0,<3.20.1 || >3.20.1,<4.21.0 || >4.21.0,<4.21.1 || >4.21.1,<4.21.2 || >4.21.2,<4.21.3 || >4.21.3,<4.21.4 || >4.21.4,<4.21.5 || >4.21.5,<5.0.0dev"

[[package]]
name = "google-api-core"
version = "2.25.0"
description = "Google API client core library"
category = "main"
optional = false
python-versions = ">=3.7"

[package.dependencies]
google-auth = ">=2.14.1,<3.0.0"
googleapis-common-protos = ">=1.56.2,<2.0.0"
grpcio = [
    {version = ">=1.33.2,<2.0.0", optional = true, markers = "extra == \"grpc\""},
    {version = ">=1.49.1,<2.0.0", optional = true, markers = "python_version >= \"3.11\" or python_version >= \"3.11\" and extra == \"grpc\""},
]
grpcio-status = [
    {version = ">=1.33.2,<2.0.0", optional = true, markers = "extra == \"grpc\""},
    {version = ">=1.49.1,<2.0.0", optional = true, markers = "python_version >= \"3.11\" or python_version >= \"3.11\" and extra == \"grpc\""},
]
proto-plus = [
    {version = ">=1.22.3,<2.0.0", markers = "python_version < \"3.13\""},
    {version = ">=1.25.0,<2.0.0", markers = "python_version >= \"3.13\""},
]
protobuf = ">=3.19.5,<3.20.0 || >3.20.0,<3.20.1 || >3.20.1,<4.21.0 || >4.21.0,<4.21.1 || >4.21.1,<4.21.2 || >4.21.2,<4.21.3 || >4.21.3,<4.21.4 || >4.21.4,<4.21.5 || >4.21.5,<7.0.0"
requests = ">=2.18.0,<3.0.0"

[package.extras]
async-rest = ["google-auth[aiohttp] (>=2.35.0,<3.0.0)"]
grpc = ["grpcio (>=1.33.2,<2.0.0)", "grpcio-status (>=1.33.2,<2.0.0)", "grpcio (>=1.49.1,<2.0.0)", "grpcio-status (>=1.49.1,<2.0.0)"]
grpcgcp = ["grpcio-gcp (>=0.2.2,<1.0.0)"]
grpcio-gcp = ["grpcio-gcp (>=0.2.2,<1.0.0)"]

[[package]]
name = "google-api-python-client"
version = "2.171.0"
description = "Google API Client Library for Python"
category = "main"
optional = false
python-versions = ">=3.7"

[package.dependencies]
google-api-core = ">=1.31.5,<2.0.0 || >2.3.0,<3.0.0"
google-auth = ">=1.32.0,<2.24.0 || >2.24.0,<2.25.0 || >2.25.0,<3.0.0"
google-auth-httplib2 = ">=0.2.0,<1.0.0"
httplib2 = ">=0.19.0,<1.0.0"
uritemplate = ">=3.0.1,<5"

[[package]]
name = "google-auth"
version = "2.40.3"
description = "Google Authentication Library"
category = "main"
optional = false
python-versions = ">=3.7"

[package.dependencies]
cachetools = ">=2.0.0,<6.0"
pyasn1-modules = ">=0.2.1"
rsa = ">=3.1.4,<5"

[package.extras]
aiohttp = ["aiohttp (>=3.6.2,<4.0.0)", "requests (>=2.20.0,<3.0.0)"]
enterprise-cert = ["cryptography", "pyopenssl"]
pyjwt = ["pyjwt (>=2.0)", "cryptography (>=38.0.3)", "cryptography (<39.0.0)"]
pyopenssl = ["pyopenssl (>=20.0.0)", "cryptography (>=38.0.3)", "cryptography (<39.0.0)"]
reauth = ["pyu2f (>=0.1.5)"]
requests = ["requests (>=2.20.0,<3.0.0)"]
testing = ["grpcio", "flask", "freezegun", "mock", "oauth2client", "pyjwt (>=2.0)", "cryptography (>=38.0.3)", "pytest", "pytest-cov", "pytest-localserver", "pyopenssl (>=20.0.0)", "pyu2f (>=0.1.5)", "responses", "urllib3", "packaging", "aiohttp (>=3.6.2,<4.0.0)", "requests (>=2.20.0,<3.0.0)", "aioresponses", "pytest-asyncio", "pyopenssl (<24.3.0)", "aiohttp (<3.10.0)", "cryptography (<39.0.0)"]
urllib3 = ["urllib3", "packaging"]

[[package]]
name = "google-auth-httplib2"
version = "0.2.0"
description = "Google Authentication Library: httplib2 transport"
category = "main"
optional = false
python-versions = "*"

[package.dependencies]
google-auth = "*"
httplib2 = ">=0.19.0"

[[package]]
name = "google-generativeai"
version = "0.5.4"
description = "Google Generative AI High level API client library and tools."
category = "main"
optional = false
python-versions = ">=3.9"

[package.dependencies]
google-ai-generativelanguage = "0.6.4"
google-api-core = "*"
google-api-python-client = "*"
google-auth = ">=2.15.0"
protobuf = "*"
pydantic = "*"
tqdm = "*"
typing-extensions = "*"

[package.extras]
dev = ["absl-py", "black", "nose2", "pandas", "pytype", "pyyaml", "pillow", "ipython"]

[[package]]
name = "googleapis-common-protos"
version = "1.70.0"
description = "Common protobufs used in Google APIs"
category = "main"
optional = false
python-versions = ">=3.7"

[package.dependencies]
protobuf = ">=3.20.2,<4.21.1 || >4.21.1,<4.21.2 || >4.21.2,<4.21.3 || >4.21.3,<4.21.4 || >4.21.4,<4.21.5 || >4.21.5,<7.0.0"

[package.extras]
grpc = ["grpcio (>=1.44.0,<2.0.0)"]

[[package]]
name = "grpcio"
version = "1.72.1"
description = "HTTP/2-based RPC framework"
category = "main"
optional = false
python-versions = ">=3.9"

[package.extras]
protobuf = ["grpcio-tools (>=1.72.1)"]

[[package]]
name = "grpcio-status"
version = "1.62.3"
description = "Status proto mapping for gRPC"
category = "main"
optional = false
python-versions = ">=3.6"

[package.dependencies]
googleapis-common-protos = ">=1.5.5"
grpcio = ">=1.62.3"
protobuf = ">=4.21.6"

[[package]]
name = "gtts"
version = "2.5.4"
description = "gTTS (Google Text-to-Speech), a Python library and CLI tool to interface with Google Translate text-to-speech API"
category = "main"
optional = false
python-versions = ">=3.7"

[package.dependencies]
click = ">=7.1,<8.2"
requests = ">=2.27,<3"

[package.extras]
docs = ["sphinx", "sphinx-autobuild", "sphinx-rtd-theme", "sphinx-click", "sphinx-mdinclude"]
tests = ["pytest (>=7.1.3,<8.4.0)", "pytest-cov", "testfixtures"]

[[package]]
name = "h11"
version = "0.16.0"
description = "A pure-Python, bring-your-own-I/O implementation of HTTP/1.1"
category = "main"
optional = false
python-versions = ">=3.8"

[[package]]
name = "httpcore"
version = "1.0.9"
description = "A minimal low-level HTTP client."
category = "main"
optional = false
python-versions = ">=3.8"

[package.dependencies]
certifi = "*"
h11 = ">=0.16"

[package.extras]
asyncio = ["anyio (>=4.0,<5.0)"]
http2 = ["h2 (>=3,<5)"]
socks = ["socksio (>=1.0.0,<2.0.0)"]
trio = ["trio (>=0.22.0,<1.0)"]

[[package]]
name = "httplib2"
version = "0.22.0"
description = "A comprehensive HTTP client library."
category = "main"
optional = false
python-versions = ">=2.7, !=3.0.*, !=3.1.*, !=3.2.*, !=3.3.*"

[package.dependencies]
pyparsing = {version = ">=2.4.2,<3.0.0 || >3.0.0,<3.0.1 || >3.0.1,<3.0.2 || >3.0.2,<3.0.3 || >3.0.3,<4", markers = "python_version > \"3.0\""}

[[package]]
name = "httpx"
version = "0.28.1"
description = "The next generation HTTP client."
category = "main"
optional = false
python-versions = ">=3.8"

[package.dependencies]
anyio = "*"
certifi = "*"
httpcore = ">=1.0.0,<2.0.0"
idna = "*"

[package.extras]
brotli = ["brotli", "brotlicffi"]
cli = ["click (>=8.0.0,<9.0.0)", "pygments (>=2.0.0,<3.0.0)", "rich (>=10,<14)"]
http2 = ["h2 (>=3,<5)"]
socks = ["socksio (>=1.0.0,<2.0.0)"]
zstd = ["zstandard (>=0.18.0)"]

[[package]]
name = "hume"
version = "0.8.3"
description = "A Python SDK for Hume AI"
category = "main"
optional = false
python-versions = "<4,>=3.9"

[package.dependencies]
aiofiles = ">=24.1.0,<25.0.0"
eval-type-backport = ">=0.2.0,<0.3.0"
httpx = ">=0.21.2"
pydantic = ">=1.9.2"
pydantic-core = ">=2.18.2,<3.0.0"
typing_extensions = ">=4.0.0"
websockets = ">=13.1,<14.0"

[package.extras]
examples = ["jupyter (>=1.0.0,<2.0.0)"]
microphone = ["pydub (>=0.25.1,<0.26.0)", "simpleaudio (>=1.0.4,<2.0.0)", "sounddevice (>=0.4.6,<0.5.0)"]
legacy = ["pydub (>=0.25.1,<0.26.0)"]

[[package]]
name = "idna"
version = "3.10"
description = "Internationalized Domain Names in Applications (IDNA)"
category = "main"
optional = false
python-versions = ">=3.6"

[package.extras]
all = ["ruff (>=0.6.2)", "mypy (>=1.11.2)", "pytest (>=8.3.2)", "flake8 (>=7.1.1)"]

[[package]]
name = "imageio"
version = "2.37.0"
description = "Library for reading and writing a wide range of image, video, scientific, and volumetric data formats."
category = "main"
optional = false
python-versions = ">=3.9"

[package.dependencies]
numpy = "*"
pillow = ">=8.3.2"

[package.extras]
all-plugins = ["astropy", "av", "imageio-ffmpeg", "numpy (>2)", "pillow-heif", "psutil", "rawpy", "tifffile"]
all-plugins-pypy = ["av", "imageio-ffmpeg", "pillow-heif", "psutil", "tifffile"]
build = ["wheel"]
dev = ["pytest", "pytest-cov", "fsspec", "black", "flake8"]
docs = ["sphinx (<6)", "numpydoc", "pydata-sphinx-theme"]
ffmpeg = ["imageio-ffmpeg", "psutil"]
fits = ["astropy"]
full = ["astropy", "av", "black", "flake8", "fsspec", "gdal", "imageio-ffmpeg", "itk", "numpy (>2)", "numpydoc", "pillow-heif", "psutil", "pydata-sphinx-theme", "pytest", "pytest-cov", "rawpy", "sphinx (<6)", "tifffile", "wheel"]
gdal = ["gdal"]
itk = ["itk"]
linting = ["black", "flake8"]
pillow-heif = ["pillow-heif"]
pyav = ["av"]
rawpy = ["rawpy", "numpy (>2)"]
test = ["pytest", "pytest-cov", "fsspec"]
tifffile = ["tifffile"]

[[package]]
name = "imageio-ffmpeg"
version = "0.6.0"
description = "FFMPEG wrapper for Python"
category = "main"
optional = false
python-versions = ">=3.9"

[[package]]
name = "jiter"
version = "0.10.0"
description = "Fast iterable JSON parser."
category = "main"
optional = false
python-versions = ">=3.9"

[[package]]
name = "moviepy"
version = "1.0.3"
description = "Video editing with Python"
category = "main"
optional = false
python-versions = "*"

[package.dependencies]
decorator = ">=4.0.2,<5.0"
imageio = {version = ">=2.5,<3.0", markers = "python_version >= \"3.4\""}
imageio_ffmpeg = {version = ">=0.2.0", markers = "python_version >= \"3.4\""}
numpy = [
    {version = ">=1.17.3", markers = "python_version != \"2.7\""},
    {version = "*", markers = "python_version >= \"2.7\""},
]
proglog = "<=1.0.0"
requests = ">=2.8.1,<3.0"
tqdm = ">=4.11.2,<5.0"

[package.extras]
doc = ["numpydoc (>=0.6.0,<1.0)", "sphinx_rtd_theme (>=0.1.10b0,<1.0)", "Sphinx (>=1.5.2,<2.0)", "pygame (>=1.9.3,<2.0)"]
optional = ["youtube-dl", "opencv-python (>=3.0,<4.0)", "scipy (>=0.19.0,<1.5)", "scikit-image (>=0.13.0,<1.0)", "scikit-learn", "matplotlib (>=2.0.0,<3.0)"]
test = ["coverage (<5.0)", "coveralls (>=1.1,<2.0)", "pytest-cov (>=2.5.1,<3.0)", "pytest (>=3.0.0,<4.0)", "requests (>=2.8.1,<3.0)"]

[[package]]
name = "numpy"
version = "2.2.6"
description = "Fundamental package for array computing in Python"
category = "main"
optional = false
python-versions = ">=3.10"

[[package]]
name = "openai"
version = "1.84.0"
description = "The official Python library for the openai API"
category = "main"
optional = false
python-versions = ">=3.8"

[package.dependencies]
anyio = ">=3.5.0,<5"
distro = ">=1.7.0,<2"
httpx = ">=0.23.0,<1"
jiter = ">=0.4.0,<1"
pydantic = ">=1.9.0,<3"
sniffio = "*"
tqdm = ">4"
typing-extensions = ">=4.11,<5"

[package.extras]
datalib = ["numpy (>=1)", "pandas-stubs (>=1.1.0.11)", "pandas (>=1.2.3)"]
realtime = ["websockets (>=13,<16)"]
voice-helpers = ["numpy (>=2.0.2)", "sounddevice (>=0.5.1)"]

[[package]]
name = "pillow"
version = "10.4.0"
description = "Python Imaging Library (Fork)"
category = "main"
optional = false
python-versions = ">=3.8"

[package.extras]
docs = ["furo", "olefile", "sphinx (>=7.3)", "sphinx-copybutton", "sphinx-inline-tabs", "sphinxext-opengraph"]
fpx = ["olefile"]
mic = ["olefile"]
tests = ["check-manifest", "coverage", "defusedxml", "markdown2", "olefile", "packaging", "pyroma", "pytest", "pytest-cov", "pytest-timeout"]
typing = ["typing-extensions"]
xmp = ["defusedxml"]

[[package]]
name = "proglog"
version = "0.1.12"
description = "Log and progress bar manager for console, notebooks, web..."
category = "main"
optional = false
python-versions = "*"

[package.dependencies]
tqdm = "*"

[[package]]
name = "proto-plus"
version = "1.26.1"
description = "Beautiful, Pythonic protocol buffers"
category = "main"
optional = false
python-versions = ">=3.7"

[package.dependencies]
protobuf = ">=3.19.0,<7.0.0"

[package.extras]
testing = ["google-api-core (>=1.31.5)"]

[[package]]
name = "protobuf"
version = "4.25.8"
description = ""
category = "main"
optional = false
python-versions = ">=3.8"

[[package]]
name = "pyasn1"
version = "0.6.1"
description = "Pure-Python implementation of ASN.1 types and DER/BER/CER codecs (X.208)"
category = "main"
optional = false
python-versions = ">=3.8"

[[package]]
name = "pyasn1-modules"
version = "0.4.2"
description = "A collection of ASN.1-based protocols modules"
category = "main"
optional = false
python-versions = ">=3.8"

[package.dependencies]
pyasn1 = ">=0.6.1,<0.7.0"

[[package]]
name = "pyaudio"
version = "0.2.14"
description = "Cross-platform audio I/O with PortAudio"
category = "main"
optional = false
python-versions = "*"

[package.extras]
test = ["numpy"]

[[package]]
name = "pydantic"
version = "2.11.5"
description = "Data validation using Python type hints"
category = "main"
optional = false
python-versions = ">=3.9"

[package.dependencies]
annotated-types = ">=0.6.0"
pydantic-core = "2.33.2"
typing-extensions = ">=4.12.2"
typing-inspection = ">=0.4.0"

[package.extras]
email = ["email-validator (>=2.0.0)"]
timezone = ["tzdata"]

[[package]]
name = "pydantic-core"
version = "2.33.2"
description = "Core functionality for Pydantic validation and serialization"
category = "main"
optional = false
python-versions = ">=3.9"

[package.dependencies]
typing-extensions = ">=4.6.0,<4.7.0 || >4.7.0"

[[package]]
name = "pyparsing"
version = "3.2.3"
description = "pyparsing module - Classes and methods to define and execute parsing grammars"
category = "main"
optional = false
python-versions = ">=3.9"

[package.extras]
diagrams = ["railroad-diagrams", "jinja2"]

[[package]]
name = "python-dotenv"
version = "1.1.0"
description = "Read key-value pairs from a .env file and set them as environment variables"
category = "main"
optional = false
python-versions = ">=3.9"

[package.extras]
cli = ["click (>=5.0)"]

[[package]]
name = "requests"
version = "2.32.3"
description = "Python HTTP for Humans."
category = "main"
optional = false
python-versions = ">=3.8"

[package.dependencies]
certifi = ">=2017.4.17"
charset-normalizer = ">=2,<4"
idna = ">=2.5,<4"
urllib3 = ">=1.21.1,<3"

[package.extras]
socks = ["PySocks (>=1.5.6,!=1.5.7)"]
use-chardet-on-py3 = ["chardet (>=3.0.2,<6)"]

[[package]]
name = "rsa"
version = "4.9.1"
description = "Pure-Python RSA implementation"
category = "main"
optional = false
python-versions = "<4,>=3.6"

[package.dependencies]
pyasn1 = ">=0.1.3"

[[package]]
name = "sniffio"
version = "1.3.1"
description = "Sniff out which async library your code is running under"
category = "main"
optional = false
python-versions = ">=3.7"

[[package]]
name = "tqdm"
version = "4.67.1"
description = "Fast, Extensible Progress Meter"
category = "main"
optional = false
python-versions = ">=3.7"

[package.dependencies]
colorama = {version = "*", markers = "platform_system == \"Windows\""}

[package.extras]
dev = ["pytest (>=6)", "pytest-cov", "pytest-timeout", "pytest-asyncio (>=0.24)", "nbval"]
discord = ["requests"]
slack = ["slack-sdk"]
telegram = ["requests"]
notebook = ["ipywidgets (>=6)"]

[[package]]
name = "typing-extensions"
version = "4.14.0"
description = "Backported and Experimental Type Hints for Python 3.9+"
category = "main"
optional = false
python-versions = ">=3.9"

[[package]]
name = "typing-inspection"
version = "0.4.1"
description = "Runtime typing introspection tools"
category = "main"
optional = false
python-versions = ">=3.9"

[package.dependencies]
typing-extensions = ">=4.12.0"

[[package]]
name = "uritemplate"
version = "4.2.0"
description = "Implementation of RFC 6570 URI Templates"
category = "main"
optional = false
python-versions = ">=3.9"

[[package]]
name = "urllib3"
version = "2.4.0"
description = "HTTP library with thread-safe connection pooling, file post, and more."
category = "main"
optional = false
python-versions = ">=3.9"

[package.extras]
brotli = ["brotli (>=1.0.9)", "brotlicffi (>=0.8.0)"]
h2 = ["h2 (>=4,<5)"]
socks = ["pysocks (>=1.5.6,!=1.5.7,<2.0)"]
zstd = ["zstandard (>=0.18.0)"]

[[package]]
name = "websockets"
version = "13.1"
description = "An implementation of the WebSocket Protocol (RFC 6455 & 7692)"
category = "main"
optional = false
python-versions = ">=3.8"

[metadata]
lock-version = "1.1"
python-versions = "^3.10"
content-hash = "8e4a6f9111d18ce7b87b5e33213a1adce827d758b63a7ddac98eac1f8ed07ea9"

[metadata.files]
aiofiles = []
annotated-types = []
anyio = []
cachetools = []
certifi = []
charset-normalizer = []
click = []
colorama = []
decorator = []
distro = []
eval-type-backport = []
exceptiongroup = []
google-ai-generativelanguage = []
google-api-core = []
google-api-python-client = []
google-auth = []
google-auth-httplib2 = []
google-generativeai = []
googleapis-common-protos = []
grpcio = []
grpcio-status = []
gtts = []
h11 = []
httpcore = []
httplib2 = []
httpx = []
hume = []
idna = []
imageio = []
imageio-ffmpeg = []
jiter = []
moviepy = []
numpy = []
openai = []
pillow = []
proglog = []
proto-plus = []
protobuf = []
pyasn1 = []
pyasn1-modules = []
pyaudio = []
pydantic = []
pydantic-core = []
pyparsing = []
python-dotenv = []
requests = []
rsa = []
sniffio = []
tqdm = []
typing-extensions = []
typing-inspection = []
uritemplate = []
urllib3 = []
websockets = []
